// !$*UTF8*$!
{
	archiveVersion = 1;
	classes = {
	};
	objectVersion = 50;
	objects = {

/* Begin PBXBuildFile section */
		FC3F381622F7DE1E005C26B2 /* AppDelegate.swift in Sources */ = {isa = PBXBuildFile; fileRef = FC3F381522F7DE1E005C26B2 /* AppDelegate.swift */; };
		FC3F381B22F7DE1E005C26B2 /* Main.storyboard in Resources */ = {isa = PBXBuildFile; fileRef = FC3F381922F7DE1E005C26B2 /* Main.storyboard */; };
		FC3F381D22F7DE20005C26B2 /* Assets.xcassets in Resources */ = {isa = PBXBuildFile; fileRef = FC3F381C22F7DE20005C26B2 /* Assets.xcassets */; };
		FC3F382022F7DE20005C26B2 /* LaunchScreen.storyboard in Resources */ = {isa = PBXBuildFile; fileRef = FC3F381E22F7DE20005C26B2 /* LaunchScreen.storyboard */; };
		FC3F382B22F7DE20005C26B2 /* RecipesTests.swift in Sources */ = {isa = PBXBuildFile; fileRef = FC3F382A22F7DE20005C26B2 /* RecipesTests.swift */; };
		FC3F383622F7DE20005C26B2 /* RecipesUITests.swift in Sources */ = {isa = PBXBuildFile; fileRef = FC3F383522F7DE20005C26B2 /* RecipesUITests.swift */; };
		FC3F384422F7E16E005C26B2 /* HomeTableViewController.swift in Sources */ = {isa = PBXBuildFile; fileRef = FC3F384322F7E16E005C26B2 /* HomeTableViewController.swift */; };
		FC3F384622F7E223005C26B2 /* RecipeCell.swift in Sources */ = {isa = PBXBuildFile; fileRef = FC3F384522F7E223005C26B2 /* RecipeCell.swift */; };
		FC3F384822F7E22F005C26B2 /* RecipeCell.xib in Resources */ = {isa = PBXBuildFile; fileRef = FC3F384722F7E22F005C26B2 /* RecipeCell.xib */; };
		FC3F385222F8AAE9005C26B2 /* Recipe.swift in Sources */ = {isa = PBXBuildFile; fileRef = FC3F385122F8AAE9005C26B2 /* Recipe.swift */; };
		FC3F385422F9D0CC005C26B2 /* IngredientsTableView.swift in Sources */ = {isa = PBXBuildFile; fileRef = FC3F385322F9D0CC005C26B2 /* IngredientsTableView.swift */; };
/* End PBXBuildFile section */

/* Begin PBXContainerItemProxy section */
		FC3F382722F7DE20005C26B2 /* PBXContainerItemProxy */ = {
			isa = PBXContainerItemProxy;
			containerPortal = FC3F380A22F7DE1E005C26B2 /* Project object */;
			proxyType = 1;
			remoteGlobalIDString = FC3F381122F7DE1E005C26B2;
			remoteInfo = Recipes;
		};
		FC3F383222F7DE20005C26B2 /* PBXContainerItemProxy */ = {
			isa = PBXContainerItemProxy;
			containerPortal = FC3F380A22F7DE1E005C26B2 /* Project object */;
			proxyType = 1;
			remoteGlobalIDString = FC3F381122F7DE1E005C26B2;
			remoteInfo = Recipes;
		};
/* End PBXContainerItemProxy section */

/* Begin PBXFileReference section */
		FC3F381222F7DE1E005C26B2 /* Recipes.app */ = {isa = PBXFileReference; explicitFileType = wrapper.application; includeInIndex = 0; path = Recipes.app; sourceTree = BUILT_PRODUCTS_DIR; };
		FC3F381522F7DE1E005C26B2 /* AppDelegate.swift */ = {isa = PBXFileReference; lastKnownFileType = sourcecode.swift; path = AppDelegate.swift; sourceTree = "<group>"; };
		FC3F381A22F7DE1E005C26B2 /* Base */ = {isa = PBXFileReference; lastKnownFileType = file.storyboard; name = Base; path = Base.lproj/Main.storyboard; sourceTree = "<group>"; };
		FC3F381C22F7DE20005C26B2 /* Assets.xcassets */ = {isa = PBXFileReference; lastKnownFileType = folder.assetcatalog; path = Assets.xcassets; sourceTree = "<group>"; };
		FC3F381F22F7DE20005C26B2 /* Base */ = {isa = PBXFileReference; lastKnownFileType = file.storyboard; name = Base; path = Base.lproj/LaunchScreen.storyboard; sourceTree = "<group>"; };
		FC3F382122F7DE20005C26B2 /* Info.plist */ = {isa = PBXFileReference; lastKnownFileType = text.plist.xml; path = Info.plist; sourceTree = "<group>"; };
		FC3F382622F7DE20005C26B2 /* RecipesTests.xctest */ = {isa = PBXFileReference; explicitFileType = wrapper.cfbundle; includeInIndex = 0; path = RecipesTests.xctest; sourceTree = BUILT_PRODUCTS_DIR; };
		FC3F382A22F7DE20005C26B2 /* RecipesTests.swift */ = {isa = PBXFileReference; lastKnownFileType = sourcecode.swift; path = RecipesTests.swift; sourceTree = "<group>"; };
		FC3F382C22F7DE20005C26B2 /* Info.plist */ = {isa = PBXFileReference; lastKnownFileType = text.plist.xml; path = Info.plist; sourceTree = "<group>"; };
		FC3F383122F7DE20005C26B2 /* RecipesUITests.xctest */ = {isa = PBXFileReference; explicitFileType = wrapper.cfbundle; includeInIndex = 0; path = RecipesUITests.xctest; sourceTree = BUILT_PRODUCTS_DIR; };
		FC3F383522F7DE20005C26B2 /* RecipesUITests.swift */ = {isa = PBXFileReference; lastKnownFileType = sourcecode.swift; path = RecipesUITests.swift; sourceTree = "<group>"; };
		FC3F383722F7DE20005C26B2 /* Info.plist */ = {isa = PBXFileReference; lastKnownFileType = text.plist.xml; path = Info.plist; sourceTree = "<group>"; };
		FC3F384322F7E16E005C26B2 /* HomeTableViewController.swift */ = {isa = PBXFileReference; lastKnownFileType = sourcecode.swift; path = HomeTableViewController.swift; sourceTree = "<group>"; };
		FC3F384522F7E223005C26B2 /* RecipeCell.swift */ = {isa = PBXFileReference; lastKnownFileType = sourcecode.swift; path = RecipeCell.swift; sourceTree = "<group>"; };
		FC3F384722F7E22F005C26B2 /* RecipeCell.xib */ = {isa = PBXFileReference; lastKnownFileType = file.xib; path = RecipeCell.xib; sourceTree = "<group>"; };
		FC3F385122F8AAE9005C26B2 /* Recipe.swift */ = {isa = PBXFileReference; lastKnownFileType = sourcecode.swift; path = Recipe.swift; sourceTree = "<group>"; };
		FC3F385322F9D0CC005C26B2 /* IngredientsTableView.swift */ = {isa = PBXFileReference; lastKnownFileType = sourcecode.swift; path = IngredientsTableView.swift; sourceTree = "<group>"; };
/* End PBXFileReference section */

/* Begin PBXFrameworksBuildPhase section */
		FC3F380F22F7DE1E005C26B2 /* Frameworks */ = {
			isa = PBXFrameworksBuildPhase;
			buildActionMask = 2147483647;
			files = (
			);
			runOnlyForDeploymentPostprocessing = 0;
		};
		FC3F382322F7DE20005C26B2 /* Frameworks */ = {
			isa = PBXFrameworksBuildPhase;
			buildActionMask = 2147483647;
			files = (
			);
			runOnlyForDeploymentPostprocessing = 0;
		};
		FC3F382E22F7DE20005C26B2 /* Frameworks */ = {
			isa = PBXFrameworksBuildPhase;
			buildActionMask = 2147483647;
			files = (
			);
			runOnlyForDeploymentPostprocessing = 0;
		};
/* End PBXFrameworksBuildPhase section */

/* Begin PBXGroup section */
		FC3F380922F7DE1E005C26B2 = {
			isa = PBXGroup;
			children = (
				FC3F381422F7DE1E005C26B2 /* Recipes */,
				FC3F382922F7DE20005C26B2 /* RecipesTests */,
				FC3F383422F7DE20005C26B2 /* RecipesUITests */,
				FC3F381322F7DE1E005C26B2 /* Products */,
			);
			sourceTree = "<group>";
		};
		FC3F381322F7DE1E005C26B2 /* Products */ = {
			isa = PBXGroup;
			children = (
				FC3F381222F7DE1E005C26B2 /* Recipes.app */,
				FC3F382622F7DE20005C26B2 /* RecipesTests.xctest */,
				FC3F383122F7DE20005C26B2 /* RecipesUITests.xctest */,
			);
			name = Products;
			sourceTree = "<group>";
		};
		FC3F381422F7DE1E005C26B2 /* Recipes */ = {
			isa = PBXGroup;
			children = (
				FC3F381522F7DE1E005C26B2 /* AppDelegate.swift */,
				FC3F381922F7DE1E005C26B2 /* Main.storyboard */,
				FC3F381C22F7DE20005C26B2 /* Assets.xcassets */,
				FC3F381E22F7DE20005C26B2 /* LaunchScreen.storyboard */,
				FC3F382122F7DE20005C26B2 /* Info.plist */,
				FC3F384322F7E16E005C26B2 /* HomeTableViewController.swift */,
				FC3F384522F7E223005C26B2 /* RecipeCell.swift */,
				FC3F384722F7E22F005C26B2 /* RecipeCell.xib */,
				FC3F385122F8AAE9005C26B2 /* Recipe.swift */,
				FC3F385322F9D0CC005C26B2 /* IngredientsTableView.swift */,
			);
			path = Recipes;
			sourceTree = "<group>";
		};
		FC3F382922F7DE20005C26B2 /* RecipesTests */ = {
			isa = PBXGroup;
			children = (
				FC3F382A22F7DE20005C26B2 /* RecipesTests.swift */,
				FC3F382C22F7DE20005C26B2 /* Info.plist */,
			);
			path = RecipesTests;
			sourceTree = "<group>";
		};
		FC3F383422F7DE20005C26B2 /* RecipesUITests */ = {
			isa = PBXGroup;
			children = (
				FC3F383522F7DE20005C26B2 /* RecipesUITests.swift */,
				FC3F383722F7DE20005C26B2 /* Info.plist */,
			);
			path = RecipesUITests;
			sourceTree = "<group>";
		};
/* End PBXGroup section */

/* Begin PBXNativeTarget section */
		FC3F381122F7DE1E005C26B2 /* Recipes */ = {
			isa = PBXNativeTarget;
			buildConfigurationList = FC3F383A22F7DE20005C26B2 /* Build configuration list for PBXNativeTarget "Recipes" */;
			buildPhases = (
				FC3F380E22F7DE1E005C26B2 /* Sources */,
				FC3F380F22F7DE1E005C26B2 /* Frameworks */,
				FC3F381022F7DE1E005C26B2 /* Resources */,
			);
			buildRules = (
			);
			dependencies = (
			);
			name = Recipes;
			productName = Recipes;
			productReference = FC3F381222F7DE1E005C26B2 /* Recipes.app */;
			productType = "com.apple.product-type.application";
		};
		FC3F382522F7DE20005C26B2 /* RecipesTests */ = {
			isa = PBXNativeTarget;
			buildConfigurationList = FC3F383D22F7DE20005C26B2 /* Build configuration list for PBXNativeTarget "RecipesTests" */;
			buildPhases = (
				FC3F382222F7DE20005C26B2 /* Sources */,
				FC3F382322F7DE20005C26B2 /* Frameworks */,
				FC3F382422F7DE20005C26B2 /* Resources */,
			);
			buildRules = (
			);
			dependencies = (
				FC3F382822F7DE20005C26B2 /* PBXTargetDependency */,
			);
			name = RecipesTests;
			productName = RecipesTests;
			productReference = FC3F382622F7DE20005C26B2 /* RecipesTests.xctest */;
			productType = "com.apple.product-type.bundle.unit-test";
		};
		FC3F383022F7DE20005C26B2 /* RecipesUITests */ = {
			isa = PBXNativeTarget;
			buildConfigurationList = FC3F384022F7DE20005C26B2 /* Build configuration list for PBXNativeTarget "RecipesUITests" */;
			buildPhases = (
				FC3F382D22F7DE20005C26B2 /* Sources */,
				FC3F382E22F7DE20005C26B2 /* Frameworks */,
				FC3F382F22F7DE20005C26B2 /* Resources */,
			);
			buildRules = (
			);
			dependencies = (
				FC3F383322F7DE20005C26B2 /* PBXTargetDependency */,
			);
			name = RecipesUITests;
			productName = RecipesUITests;
			productReference = FC3F383122F7DE20005C26B2 /* RecipesUITests.xctest */;
			productType = "com.apple.product-type.bundle.ui-testing";
		};
/* End PBXNativeTarget section */

/* Begin PBXProject section */
		FC3F380A22F7DE1E005C26B2 /* Project object */ = {
			isa = PBXProject;
			attributes = {
				LastSwiftUpdateCheck = 1030;
				LastUpgradeCheck = 1030;
				ORGANIZATIONNAME = "Oleh Dmytriv";
				TargetAttributes = {
					FC3F381122F7DE1E005C26B2 = {
						CreatedOnToolsVersion = 10.3;
					};
					FC3F382522F7DE20005C26B2 = {
						CreatedOnToolsVersion = 10.3;
						TestTargetID = FC3F381122F7DE1E005C26B2;
					};
					FC3F383022F7DE20005C26B2 = {
						CreatedOnToolsVersion = 10.3;
						TestTargetID = FC3F381122F7DE1E005C26B2;
					};
				};
			};
			buildConfigurationList = FC3F380D22F7DE1E005C26B2 /* Build configuration list for PBXProject "Recipes" */;
			compatibilityVersion = "Xcode 9.3";
			developmentRegion = en;
			hasScannedForEncodings = 0;
			knownRegions = (
				en,
				Base,
			);
			mainGroup = FC3F380922F7DE1E005C26B2;
			productRefGroup = FC3F381322F7DE1E005C26B2 /* Products */;
			projectDirPath = "";
			projectRoot = "";
			targets = (
				FC3F381122F7DE1E005C26B2 /* Recipes */,
				FC3F382522F7DE20005C26B2 /* RecipesTests */,
				FC3F383022F7DE20005C26B2 /* RecipesUITests */,
			);
		};
/* End PBXProject section */

/* Begin PBXResourcesBuildPhase section */
		FC3F381022F7DE1E005C26B2 /* Resources */ = {
			isa = PBXResourcesBuildPhase;
			buildActionMask = 2147483647;
			files = (
				FC3F382022F7DE20005C26B2 /* LaunchScreen.storyboard in Resources */,
				FC3F381D22F7DE20005C26B2 /* Assets.xcassets in Resources */,
				FC3F381B22F7DE1E005C26B2 /* Main.storyboard in Resources */,
				FC3F384822F7E22F005C26B2 /* RecipeCell.xib in Resources */,
			);
			runOnlyForDeploymentPostprocessing = 0;
		};
		FC3F382422F7DE20005C26B2 /* Resources */ = {
			isa = PBXResourcesBuildPhase;
			buildActionMask = 2147483647;
			files = (
			);
			runOnlyForDeploymentPostprocessing = 0;
		};
		FC3F382F22F7DE20005C26B2 /* Resources */ = {
			isa = PBXResourcesBuildPhase;
			buildActionMask = 2147483647;
			files = (
			);
			runOnlyForDeploymentPostprocessing = 0;
		};
/* End PBXResourcesBuildPhase section */

/* Begin PBXSourcesBuildPhase section */
		FC3F380E22F7DE1E005C26B2 /* Sources */ = {
			isa = PBXSourcesBuildPhase;
			buildActionMask = 2147483647;
			files = (
				FC3F384422F7E16E005C26B2 /* HomeTableViewController.swift in Sources */,
				FC3F381622F7DE1E005C26B2 /* AppDelegate.swift in Sources */,
				FC3F385422F9D0CC005C26B2 /* IngredientsTableView.swift in Sources */,
				FC3F384622F7E223005C26B2 /* RecipeCell.swift in Sources */,
				FC3F385222F8AAE9005C26B2 /* Recipe.swift in Sources */,
			);
			runOnlyForDeploymentPostprocessing = 0;
		};
		FC3F382222F7DE20005C26B2 /* Sources */ = {
			isa = PBXSourcesBuildPhase;
			buildActionMask = 2147483647;
			files = (
				FC3F382B22F7DE20005C26B2 /* RecipesTests.swift in Sources */,
			);
			runOnlyForDeploymentPostprocessing = 0;
		};
		FC3F382D22F7DE20005C26B2 /* Sources */ = {
			isa = PBXSourcesBuildPhase;
			buildActionMask = 2147483647;
			files = (
				FC3F383622F7DE20005C26B2 /* RecipesUITests.swift in Sources */,
			);
			runOnlyForDeploymentPostprocessing = 0;
		};
/* End PBXSourcesBuildPhase section */

/* Begin PBXTargetDependency section */
		FC3F382822F7DE20005C26B2 /* PBXTargetDependency */ = {
			isa = PBXTargetDependency;
			target = FC3F381122F7DE1E005C26B2 /* Recipes */;
			targetProxy = FC3F382722F7DE20005C26B2 /* PBXContainerItemProxy */;
		};
		FC3F383322F7DE20005C26B2 /* PBXTargetDependency */ = {
			isa = PBXTargetDependency;
			target = FC3F381122F7DE1E005C26B2 /* Recipes */;
			targetProxy = FC3F383222F7DE20005C26B2 /* PBXContainerItemProxy */;
		};
/* End PBXTargetDependency section */

/* Begin PBXVariantGroup section */
		FC3F381922F7DE1E005C26B2 /* Main.storyboard */ = {
			isa = PBXVariantGroup;
			children = (
				FC3F381A22F7DE1E005C26B2 /* Base */,
			);
			name = Main.storyboard;
			sourceTree = "<group>";
		};
		FC3F381E22F7DE20005C26B2 /* LaunchScreen.storyboard */ = {
			isa = PBXVariantGroup;
			children = (
				FC3F381F22F7DE20005C26B2 /* Base */,
			);
			name = LaunchScreen.storyboard;
			sourceTree = "<group>";
		};
/* End PBXVariantGroup section */

/* Begin XCBuildConfiguration section */
		FC3F383822F7DE20005C26B2 /* Debug */ = {
			isa = XCBuildConfiguration;
			buildSettings = {
				ALWAYS_SEARCH_USER_PATHS = NO;
				CLANG_ANALYZER_NONNULL = YES;
				CLANG_ANALYZER_NUMBER_OBJECT_CONVERSION = YES_AGGRESSIVE;
				CLANG_CXX_LANGUAGE_STANDARD = "gnu++14";
				CLANG_CXX_LIBRARY = "libc++";
				CLANG_ENABLE_MODULES = YES;
				CLANG_ENABLE_OBJC_ARC = YES;
				CLANG_ENABLE_OBJC_WEAK = YES;
				CLANG_WARN_BLOCK_CAPTURE_AUTORELEASING = YES;
				CLANG_WARN_BOOL_CONVERSION = YES;
				CLANG_WARN_COMMA = YES;
				CLANG_WARN_CONSTANT_CONVERSION = YES;
				CLANG_WARN_DEPRECATED_OBJC_IMPLEMENTATIONS = YES;
				CLANG_WARN_DIRECT_OBJC_ISA_USAGE = YES_ERROR;
				CLANG_WARN_DOCUMENTATION_COMMENTS = YES;
				CLANG_WARN_EMPTY_BODY = YES;
				CLANG_WARN_ENUM_CONVERSION = YES;
				CLANG_WARN_INFINITE_RECURSION = YES;
				CLANG_WARN_INT_CONVERSION = YES;
				CLANG_WARN_NON_LITERAL_NULL_CONVERSION = YES;
				CLANG_WARN_OBJC_IMPLICIT_RETAIN_SELF = YES;
				CLANG_WARN_OBJC_LITERAL_CONVERSION = YES;
				CLANG_WARN_OBJC_ROOT_CLASS = YES_ERROR;
				CLANG_WARN_RANGE_LOOP_ANALYSIS = YES;
				CLANG_WARN_STRICT_PROTOTYPES = YES;
				CLANG_WARN_SUSPICIOUS_MOVE = YES;
				CLANG_WARN_UNGUARDED_AVAILABILITY = YES_AGGRESSIVE;
				CLANG_WARN_UNREACHABLE_CODE = YES;
				CLANG_WARN__DUPLICATE_METHOD_MATCH = YES;
				CODE_SIGN_IDENTITY = "iPhone Developer";
				COPY_PHASE_STRIP = NO;
				DEBUG_INFORMATION_FORMAT = dwarf;
				ENABLE_STRICT_OBJC_MSGSEND = YES;
				ENABLE_TESTABILITY = YES;
				GCC_C_LANGUAGE_STANDARD = gnu11;
				GCC_DYNAMIC_NO_PIC = NO;
				GCC_NO_COMMON_BLOCKS = YES;
				GCC_OPTIMIZATION_LEVEL = 0;
				GCC_PREPROCESSOR_DEFINITIONS = (
					"DEBUG=1",
					"$(inherited)",
				);
				GCC_WARN_64_TO_32_BIT_CONVERSION = YES;
				GCC_WARN_ABOUT_RETURN_TYPE = YES_ERROR;
				GCC_WARN_UNDECLARED_SELECTOR = YES;
				GCC_WARN_UNINITIALIZED_AUTOS = YES_AGGRESSIVE;
				GCC_WARN_UNUSED_FUNCTION = YES;
				GCC_WARN_UNUSED_VARIABLE = YES;
				IPHONEOS_DEPLOYMENT_TARGET = 12.4;
				MTL_ENABLE_DEBUG_INFO = INCLUDE_SOURCE;
				MTL_FAST_MATH = YES;
				ONLY_ACTIVE_ARCH = YES;
				SDKROOT = iphoneos;
				SWIFT_ACTIVE_COMPILATION_CONDITIONS = DEBUG;
				SWIFT_OPTIMIZATION_LEVEL = "-Onone";
			};
			name = Debug;
		};
		FC3F383922F7DE20005C26B2 /* Release */ = {
			isa = XCBuildConfiguration;
			buildSettings = {
				ALWAYS_SEARCH_USER_PATHS = NO;
				CLANG_ANALYZER_NONNULL = YES;
				CLANG_ANALYZER_NUMBER_OBJECT_CONVERSION = YES_AGGRESSIVE;
				CLANG_CXX_LANGUAGE_STANDARD = "gnu++14";
				CLANG_CXX_LIBRARY = "libc++";
				CLANG_ENABLE_MODULES = YES;
				CLANG_ENABLE_OBJC_ARC = YES;
				CLANG_ENABLE_OBJC_WEAK = YES;
				CLANG_WARN_BLOCK_CAPTURE_AUTORELEASING = YES;
				CLANG_WARN_BOOL_CONVERSION = YES;
				CLANG_WARN_COMMA = YES;
				CLANG_WARN_CONSTANT_CONVERSION = YES;
				CLANG_WARN_DEPRECATED_OBJC_IMPLEMENTATIONS = YES;
				CLANG_WARN_DIRECT_OBJC_ISA_USAGE = YES_ERROR;
				CLANG_WARN_DOCUMENTATION_COMMENTS = YES;
				CLANG_WARN_EMPTY_BODY = YES;
				CLANG_WARN_ENUM_CONVERSION = YES;
				CLANG_WARN_INFINITE_RECURSION = YES;
				CLANG_WARN_INT_CONVERSION = YES;
				CLANG_WARN_NON_LITERAL_NULL_CONVERSION = YES;
				CLANG_WARN_OBJC_IMPLICIT_RETAIN_SELF = YES;
				CLANG_WARN_OBJC_LITERAL_CONVERSION = YES;
				CLANG_WARN_OBJC_ROOT_CLASS = YES_ERROR;
				CLANG_WARN_RANGE_LOOP_ANALYSIS = YES;
				CLANG_WARN_STRICT_PROTOTYPES = YES;
				CLANG_WARN_SUSPICIOUS_MOVE = YES;
				CLANG_WARN_UNGUARDED_AVAILABILITY = YES_AGGRESSIVE;
				CLANG_WARN_UNREACHABLE_CODE = YES;
				CLANG_WARN__DUPLICATE_METHOD_MATCH = YES;
				CODE_SIGN_IDENTITY = "iPhone Developer";
				COPY_PHASE_STRIP = NO;
				DEBUG_INFORMATION_FORMAT = "dwarf-with-dsym";
				ENABLE_NS_ASSERTIONS = NO;
				ENABLE_STRICT_OBJC_MSGSEND = YES;
				GCC_C_LANGUAGE_STANDARD = gnu11;
				GCC_NO_COMMON_BLOCKS = YES;
				GCC_WARN_64_TO_32_BIT_CONVERSION = YES;
				GCC_WARN_ABOUT_RETURN_TYPE = YES_ERROR;
				GCC_WARN_UNDECLARED_SELECTOR = YES;
				GCC_WARN_UNINITIALIZED_AUTOS = YES_AGGRESSIVE;
				GCC_WARN_UNUSED_FUNCTION = YES;
				GCC_WARN_UNUSED_VARIABLE = YES;
				IPHONEOS_DEPLOYMENT_TARGET = 12.4;
				MTL_ENABLE_DEBUG_INFO = NO;
				MTL_FAST_MATH = YES;
				SDKROOT = iphoneos;
				SWIFT_COMPILATION_MODE = wholemodule;
				SWIFT_OPTIMIZATION_LEVEL = "-O";
				VALIDATE_PRODUCT = YES;
			};
			name = Release;
		};
		FC3F383B22F7DE20005C26B2 /* Debug */ = {
			isa = XCBuildConfiguration;
			buildSettings = {
				ASSETCATALOG_COMPILER_APPICON_NAME = AppIcon;
				CODE_SIGN_STYLE = Automatic;
				DEVELOPMENT_TEAM = EX4M36S7CG;
				INFOPLIST_FILE = Recipes/Info.plist;
				LD_RUNPATH_SEARCH_PATHS = (
					"$(inherited)",
					"@executable_path/Frameworks",
				);
				PRODUCT_BUNDLE_IDENTIFIER = Oleh.Recipes;
				PRODUCT_NAME = "$(TARGET_NAME)";
				SWIFT_VERSION = 5.0;
				TARGETED_DEVICE_FAMILY = "1,2";
			};
			name = Debug;
		};
		FC3F383C22F7DE20005C26B2 /* Release */ = {
			isa = XCBuildConfiguration;
			buildSettings = {
				ASSETCATALOG_COMPILER_APPICON_NAME = AppIcon;
				CODE_SIGN_STYLE = Automatic;
				DEVELOPMENT_TEAM = EX4M36S7CG;
				INFOPLIST_FILE = Recipes/Info.plist;
				LD_RUNPATH_SEARCH_PATHS = (
					"$(inherited)",
					"@executable_path/Frameworks",
				);
				PRODUCT_BUNDLE_IDENTIFIER = Oleh.Recipes;
				PRODUCT_NAME = "$(TARGET_NAME)";
				SWIFT_VERSION = 5.0;
				TARGETED_DEVICE_FAMILY = "1,2";
			};
			name = Release;
		};
		FC3F383E22F7DE20005C26B2 /* Debug */ = {
			isa = XCBuildConfiguration;
			buildSettings = {
				ALWAYS_EMBED_SWIFT_STANDARD_LIBRARIES = YES;
				BUNDLE_LOADER = "$(TEST_HOST)";
				CODE_SIGN_STYLE = Automatic;
				DEVELOPMENT_TEAM = EX4M36S7CG;
				INFOPLIST_FILE = RecipesTests/Info.plist;
				LD_RUNPATH_SEARCH_PATHS = (
					"$(inherited)",
					"@executable_path/Frameworks",
					"@loader_path/Frameworks",
				);
				PRODUCT_BUNDLE_IDENTIFIER = Oleh.RecipesTests;
				PRODUCT_NAME = "$(TARGET_NAME)";
				SWIFT_VERSION = 5.0;
				TARGETED_DEVICE_FAMILY = "1,2";
				TEST_HOST = "$(BUILT_PRODUCTS_DIR)/Recipes.app/Recipes";
			};
			name = Debug;
		};
		FC3F383F22F7DE20005C26B2 /* Release */ = {
			isa = XCBuildConfiguration;
			buildSettings = {
				ALWAYS_EMBED_SWIFT_STANDARD_LIBRARIES = YES;
				BUNDLE_LOADER = "$(TEST_HOST)";
				CODE_SIGN_STYLE = Automatic;
				DEVELOPMENT_TEAM = EX4M36S7CG;
				INFOPLIST_FILE = RecipesTests/Info.plist;
				LD_RUNPATH_SEARCH_PATHS = (
					"$(inherited)",
					"@executable_path/Frameworks",
					"@loader_path/Frameworks",
				);
				PRODUCT_BUNDLE_IDENTIFIER = Oleh.RecipesTests;
				PRODUCT_NAME = "$(TARGET_NAME)";
				SWIFT_VERSION = 5.0;
				TARGETED_DEVICE_FAMILY = "1,2";
				TEST_HOST = "$(BUILT_PRODUCTS_DIR)/Recipes.app/Recipes";
			};
			name = Release;
		};
		FC3F384122F7DE20005C26B2 /* Debug */ = {
			isa = XCBuildConfiguration;
			buildSettings = {
				ALWAYS_EMBED_SWIFT_STANDARD_LIBRARIES = YES;
				CODE_SIGN_STYLE = Automatic;
				DEVELOPMENT_TEAM = EX4M36S7CG;
				INFOPLIST_FILE = RecipesUITests/Info.plist;
				LD_RUNPATH_SEARCH_PATHS = (
					"$(inherited)",
					"@executable_path/Frameworks",
					"@loader_path/Frameworks",
				);
				PRODUCT_BUNDLE_IDENTIFIER = Oleh.RecipesUITests;
				PRODUCT_NAME = "$(TARGET_NAME)";
				SWIFT_VERSION = 5.0;
				TARGETED_DEVICE_FAMILY = "1,2";
				TEST_TARGET_NAME = Recipes;
			};
			name = Debug;
		};
		FC3F384222F7DE20005C26B2 /* Release */ = {
			isa = XCBuildConfiguration;
			buildSettings = {
				ALWAYS_EMBED_SWIFT_STANDARD_LIBRARIES = YES;
				CODE_SIGN_STYLE = Automatic;
				DEVELOPMENT_TEAM = EX4M36S7CG;
				INFOPLIST_FILE = RecipesUITests/Info.plist;
				LD_RUNPATH_SEARCH_PATHS = (
					"$(inherited)",
					"@executable_path/Frameworks",
					"@loader_path/Frameworks",
				);
				PRODUCT_BUNDLE_IDENTIFIER = Oleh.RecipesUITests;
				PRODUCT_NAME = "$(TARGET_NAME)";
				SWIFT_VERSION = 5.0;
				TARGETED_DEVICE_FAMILY = "1,2";
				TEST_TARGET_NAME = Recipes;
			};
			name = Release;
		};
/* End XCBuildConfiguration section */

/* Begin XCConfigurationList section */
		FC3F380D22F7DE1E005C26B2 /* Build configuration list for PBXProject "Recipes" */ = {
			isa = XCConfigurationList;
			buildConfigurations = (
				FC3F383822F7DE20005C26B2 /* Debug */,
				FC3F383922F7DE20005C26B2 /* Release */,
			);
			defaultConfigurationIsVisible = 0;
			defaultConfigurationName = Release;
		};
		FC3F383A22F7DE20005C26B2 /* Build configuration list for PBXNativeTarget "Recipes" */ = {
			isa = XCConfigurationList;
			buildConfigurations = (
				FC3F383B22F7DE20005C26B2 /* Debug */,
				FC3F383C22F7DE20005C26B2 /* Release */,
			);
			defaultConfigurationIsVisible = 0;
			defaultConfigurationName = Release;
		};
		FC3F383D22F7DE20005C26B2 /* Build configuration list for PBXNativeTarget "RecipesTests" */ = {
			isa = XCConfigurationList;
			buildConfigurations = (
				FC3F383E22F7DE20005C26B2 /* Debug */,
				FC3F383F22F7DE20005C26B2 /* Release */,
			);
			defaultConfigurationIsVisible = 0;
			defaultConfigurationName = Release;
		};
		FC3F384022F7DE20005C26B2 /* Build configuration list for PBXNativeTarget "RecipesUITests" */ = {
			isa = XCConfigurationList;
			buildConfigurations = (
				FC3F384122F7DE20005C26B2 /* Debug */,
				FC3F384222F7DE20005C26B2 /* Release */,
			);
			defaultConfigurationIsVisible = 0;
			defaultConfigurationName = Release;
		};
/* End XCConfigurationList section */
	};
	rootObject = FC3F380A22F7DE1E005C26B2 /* Project object */;
}
